
Microsoft Visual Studio Solution File, Format Version 12.00
# Visual Studio Version 17
VisualStudioVersion = 17.8.34525.116
MinimumVisualStudioVersion = 10.0.40219.1
Project("{9A19103F-16F7-4668-BE54-9A1E7A4F7556}") = "IMGCloud.API", "src\IMGCloud.API\IMGCloud.API.csproj", "{4C5F358E-C9EE-411E-9C22-4766104BFD6D}"
EndProject
Project("{9A19103F-16F7-4668-BE54-9A1E7A4F7556}") = "IMGCloud.Domain", "src\IMGCloud.Domain\IMGCloud.Domain.csproj", "{8E8E338A-60E3-43CA-9FE0-DEA6E42C500F}"
EndProject
Project("{9A19103F-16F7-4668-BE54-9A1E7A4F7556}") = "IMGCloud.Utilities", "src\IMGCloud.Utilities\IMGCloud.Utilities.csproj", "{AB08CD1F-1B88-414F-80CF-59159D824685}"
EndProject
Project("{9A19103F-16F7-4668-BE54-9A1E7A4F7556}") = "IMGCloud.UnitTest", "src\IMGCloud.UnitTest\IMGCloud.UnitTest.csproj", "{B755088C-0897-4178-B572-40EF651D1710}"
EndProject
Project("{9A19103F-16F7-4668-BE54-9A1E7A4F7556}") = "IMGCloud.Infrastructure", "src\IMGCloud.Infrastructure\IMGCloud.Infrastructure.csproj", "{9FF8AFD6-44D9-4FFE-98A3-8C3796A3CF96}"
EndProject
Global
	GlobalSection(SolutionConfigurationPlatforms) = preSolution
		Debug|Any CPU = Debug|Any CPU
		Release|Any CPU = Release|Any CPU
	EndGlobalSection
	GlobalSection(ProjectConfigurationPlatforms) = postSolution
		{4C5F358E-C9EE-411E-9C22-4766104BFD6D}.Debug|Any CPU.ActiveCfg = Debug|Any CPU
		{4C5F358E-C9EE-411E-9C22-4766104BFD6D}.Debug|Any CPU.Build.0 = Debug|Any CPU
		{4C5F358E-C9EE-411E-9C22-4766104BFD6D}.Release|Any CPU.ActiveCfg = Release|Any CPU
		{4C5F358E-C9EE-411E-9C22-4766104BFD6D}.Release|Any CPU.Build.0 = Release|Any CPU
		{8E8E338A-60E3-43CA-9FE0-DEA6E42C500F}.Debug|Any CPU.ActiveCfg = Debug|Any CPU
		{8E8E338A-60E3-43CA-9FE0-DEA6E42C500F}.Debug|Any CPU.Build.0 = Debug|Any CPU
		{8E8E338A-60E3-43CA-9FE0-DEA6E42C500F}.Release|Any CPU.ActiveCfg = Release|Any CPU
		{8E8E338A-60E3-43CA-9FE0-DEA6E42C500F}.Release|Any CPU.Build.0 = Release|Any CPU
		{AB08CD1F-1B88-414F-80CF-59159D824685}.Debug|Any CPU.ActiveCfg = Debug|Any CPU
		{AB08CD1F-1B88-414F-80CF-59159D824685}.Debug|Any CPU.Build.0 = Debug|Any CPU
		{AB08CD1F-1B88-414F-80CF-59159D824685}.Release|Any CPU.ActiveCfg = Release|Any CPU
		{AB08CD1F-1B88-414F-80CF-59159D824685}.Release|Any CPU.Build.0 = Release|Any CPU
		{B755088C-0897-4178-B572-40EF651D1710}.Debug|Any CPU.ActiveCfg = Debug|Any CPU
		{B755088C-0897-4178-B572-40EF651D1710}.Debug|Any CPU.Build.0 = Debug|Any CPU
		{B755088C-0897-4178-B572-40EF651D1710}.Release|Any CPU.ActiveCfg = Release|Any CPU
		{B755088C-0897-4178-B572-40EF651D1710}.Release|Any CPU.Build.0 = Release|Any CPU
		{9FF8AFD6-44D9-4FFE-98A3-8C3796A3CF96}.Debug|Any CPU.ActiveCfg = Debug|Any CPU
		{9FF8AFD6-44D9-4FFE-98A3-8C3796A3CF96}.Debug|Any CPU.Build.0 = Debug|Any CPU
		{9FF8AFD6-44D9-4FFE-98A3-8C3796A3CF96}.Release|Any CPU.ActiveCfg = Release|Any CPU
		{9FF8AFD6-44D9-4FFE-98A3-8C3796A3CF96}.Release|Any CPU.Build.0 = Release|Any CPU
	EndGlobalSection
	GlobalSection(SolutionProperties) = preSolution
		HideSolutionNode = FALSE
	EndGlobalSection
	GlobalSection(ExtensibilityGlobals) = postSolution
		SolutionGuid = {6D5FFA9F-2C04-4ABA-9982-AAE77C69D1F4}
	EndGlobalSection
EndGlobal
