
Microsoft Visual Studio Solution File, Format Version 12.00
# Visual Studio Version 17
VisualStudioVersion = 17.8.34525.116
MinimumVisualStudioVersion = 10.0.40219.1
Project("{9A19103F-16F7-4668-BE54-9A1E7A4F7556}") = "IMGCloud.Data", "IMGCloud.Data\IMGCloud.Data.csproj", "{8F39BBD3-6029-458B-BACE-B27D7E4725E3}"
EndProject
Project("{9A19103F-16F7-4668-BE54-9A1E7A4F7556}") = "IMGCloud.Utilities", "IMGCloud.Utilities\IMGCloud.Utilities.csproj", "{5850D1B6-D28E-4018-8969-F3595773FA24}"
EndProject
Project("{FAE04EC0-301F-11D3-BF4B-00C04F79EFBC}") = "IMGCloud.API", "IMGCloud.API\IMGCloud.API.csproj", "{D4B2E320-530B-4FF0-B63B-BD05B78FAD00}"
EndProject
Project("{FAE04EC0-301F-11D3-BF4B-00C04F79EFBC}") = "IMGCloud.Application", "IMGCloud.Application\IMGCloud.Application.csproj", "{280DCB00-FAA4-4754-957C-2D764144681E}"
EndProject
Project("{FAE04EC0-301F-11D3-BF4B-00C04F79EFBC}") = "IMGCloud.UnitTest", "IMGCloud.UnitTest\IMGCloud.UnitTest.csproj", "{8AADC4A7-7EC4-4640-9244-BE18C4A3EFD1}"
EndProject
Project("{FAE04EC0-301F-11D3-BF4B-00C04F79EFBC}") = "IMGCloud.Domain", "IMGCloud.Domain\IMGCloud.Domain.csproj", "{DCD89026-CCEE-453B-8648-1B03BDD8D322}"
EndProject
Global
	GlobalSection(SolutionConfigurationPlatforms) = preSolution
		Debug|Any CPU = Debug|Any CPU
		Release|Any CPU = Release|Any CPU
	EndGlobalSection
	GlobalSection(ProjectConfigurationPlatforms) = postSolution
		{8F39BBD3-6029-458B-BACE-B27D7E4725E3}.Debug|Any CPU.ActiveCfg = Debug|Any CPU
		{8F39BBD3-6029-458B-BACE-B27D7E4725E3}.Debug|Any CPU.Build.0 = Debug|Any CPU
		{8F39BBD3-6029-458B-BACE-B27D7E4725E3}.Release|Any CPU.ActiveCfg = Release|Any CPU
		{8F39BBD3-6029-458B-BACE-B27D7E4725E3}.Release|Any CPU.Build.0 = Release|Any CPU
		{5850D1B6-D28E-4018-8969-F3595773FA24}.Debug|Any CPU.ActiveCfg = Debug|Any CPU
		{5850D1B6-D28E-4018-8969-F3595773FA24}.Debug|Any CPU.Build.0 = Debug|Any CPU
		{5850D1B6-D28E-4018-8969-F3595773FA24}.Release|Any CPU.ActiveCfg = Release|Any CPU
		{5850D1B6-D28E-4018-8969-F3595773FA24}.Release|Any CPU.Build.0 = Release|Any CPU
		{D4B2E320-530B-4FF0-B63B-BD05B78FAD00}.Debug|Any CPU.ActiveCfg = Debug|Any CPU
		{D4B2E320-530B-4FF0-B63B-BD05B78FAD00}.Debug|Any CPU.Build.0 = Debug|Any CPU
		{D4B2E320-530B-4FF0-B63B-BD05B78FAD00}.Release|Any CPU.ActiveCfg = Release|Any CPU
		{D4B2E320-530B-4FF0-B63B-BD05B78FAD00}.Release|Any CPU.Build.0 = Release|Any CPU
		{280DCB00-FAA4-4754-957C-2D764144681E}.Debug|Any CPU.ActiveCfg = Debug|Any CPU
		{280DCB00-FAA4-4754-957C-2D764144681E}.Debug|Any CPU.Build.0 = Debug|Any CPU
		{280DCB00-FAA4-4754-957C-2D764144681E}.Release|Any CPU.ActiveCfg = Release|Any CPU
		{280DCB00-FAA4-4754-957C-2D764144681E}.Release|Any CPU.Build.0 = Release|Any CPU
		{8AADC4A7-7EC4-4640-9244-BE18C4A3EFD1}.Debug|Any CPU.ActiveCfg = Debug|Any CPU
		{8AADC4A7-7EC4-4640-9244-BE18C4A3EFD1}.Debug|Any CPU.Build.0 = Debug|Any CPU
		{8AADC4A7-7EC4-4640-9244-BE18C4A3EFD1}.Release|Any CPU.ActiveCfg = Release|Any CPU
		{8AADC4A7-7EC4-4640-9244-BE18C4A3EFD1}.Release|Any CPU.Build.0 = Release|Any CPU
		{DCD89026-CCEE-453B-8648-1B03BDD8D322}.Debug|Any CPU.ActiveCfg = Debug|Any CPU
		{DCD89026-CCEE-453B-8648-1B03BDD8D322}.Debug|Any CPU.Build.0 = Debug|Any CPU
		{DCD89026-CCEE-453B-8648-1B03BDD8D322}.Release|Any CPU.ActiveCfg = Release|Any CPU
		{DCD89026-CCEE-453B-8648-1B03BDD8D322}.Release|Any CPU.Build.0 = Release|Any CPU
	EndGlobalSection
	GlobalSection(SolutionProperties) = preSolution
		HideSolutionNode = FALSE
	EndGlobalSection
	GlobalSection(ExtensibilityGlobals) = postSolution
		SolutionGuid = {6D5FFA9F-2C04-4ABA-9982-AAE77C69D1F4}
	EndGlobalSection
EndGlobal
